
Microsoft Visual Studio Solution File, Format Version 12.00
# Visual Studio Version 16
VisualStudioVersion = 16.0.29020.237
MinimumVisualStudioVersion = 10.0.40219.1
Project("{9A19103F-16F7-4668-BE54-9A1E7A4F7556}") = "CodeTech.Toolkit.Serializers", "CodeTech.Toolkit.Serializers\CodeTech.Toolkit.Serializers.csproj", "{AE6775D5-2741-40DF-8085-54652E81244D}"
EndProject
Project("{9A19103F-16F7-4668-BE54-9A1E7A4F7556}") = "CodeTech.Toolkit.Intervals", "CodeTech.Toolkit.Intervals\CodeTech.Toolkit.Intervals.csproj", "{6672C925-0BAF-4CD1-9B82-0D7A1EBC9A59}"
EndProject
Project("{9A19103F-16F7-4668-BE54-9A1E7A4F7556}") = "CodeTech.Toolkit.Extensions", "CodeTech.Toolkit.Extensions\CodeTech.Toolkit.Extensions.csproj", "{16D7D9BC-E7C7-42B3-B2BF-C9F2179835D2}"
EndProject
Project("{9A19103F-16F7-4668-BE54-9A1E7A4F7556}") = "CodeTech.Toolkit.Limits.Tests", "CodeTech.Toolkit.Limits.Tests\CodeTech.Toolkit.Limits.Tests.csproj", "{432BC1EF-70C5-4C36-B804-A398E0E8A94D}"
EndProject
Project("{9A19103F-16F7-4668-BE54-9A1E7A4F7556}") = "CodeTech.Toolkit.Serializers.Tests", "CodeTech.Toolkit.Serializers.Tests\CodeTech.Toolkit.Serializers.Tests.csproj", "{CF9708E3-79D6-4F3E-BF9A-1028365A6D63}"
EndProject
Project("{9A19103F-16F7-4668-BE54-9A1E7A4F7556}") = "CodeTech.Toolkit.Intervals.Tests", "CodeTech.Toolkit.Intervals.Tests\CodeTech.Toolkit.Intervals.Tests.csproj", "{855E4782-253E-456B-B08F-E9DD23ADF04F}"
EndProject
Project("{9A19103F-16F7-4668-BE54-9A1E7A4F7556}") = "CodeTech.Toolkit.Limits", "CodeTech.Toolkit.Limits\CodeTech.Toolkit.Limits.csproj", "{BDB42367-0FAD-4640-B228-6687AE78FF87}"
EndProject
Project("{FAE04EC0-301F-11D3-BF4B-00C04F79EFBC}") = "CodeTech.Toolkit.Web.HostedServices", "CodeTech.Toolkit.Web.HostedServices\CodeTech.Toolkit.Web.HostedServices.csproj", "{E6FE34FE-FEB0-40AF-9FB3-CAEC7BA37406}"
EndProject
Project("{FAE04EC0-301F-11D3-BF4B-00C04F79EFBC}") = "CodeTech.Toolkit.Web.HostedServices.Tests", "CodeTech.Toolkit.Web.HostedServices.Tests\CodeTech.Toolkit.Web.HostedServices.Tests.csproj", "{78DE6336-0DD8-4D28-8BF5-927ADD5FE05B}"
EndProject
Global
	GlobalSection(SolutionConfigurationPlatforms) = preSolution
		Debug|Any CPU = Debug|Any CPU
		Release|Any CPU = Release|Any CPU
	EndGlobalSection
	GlobalSection(ProjectConfigurationPlatforms) = postSolution
		{AE6775D5-2741-40DF-8085-54652E81244D}.Debug|Any CPU.ActiveCfg = Debug|Any CPU
		{AE6775D5-2741-40DF-8085-54652E81244D}.Debug|Any CPU.Build.0 = Debug|Any CPU
		{AE6775D5-2741-40DF-8085-54652E81244D}.Release|Any CPU.ActiveCfg = Release|Any CPU
		{AE6775D5-2741-40DF-8085-54652E81244D}.Release|Any CPU.Build.0 = Release|Any CPU
		{6672C925-0BAF-4CD1-9B82-0D7A1EBC9A59}.Debug|Any CPU.ActiveCfg = Debug|Any CPU
		{6672C925-0BAF-4CD1-9B82-0D7A1EBC9A59}.Debug|Any CPU.Build.0 = Debug|Any CPU
		{6672C925-0BAF-4CD1-9B82-0D7A1EBC9A59}.Release|Any CPU.ActiveCfg = Release|Any CPU
		{6672C925-0BAF-4CD1-9B82-0D7A1EBC9A59}.Release|Any CPU.Build.0 = Release|Any CPU
		{16D7D9BC-E7C7-42B3-B2BF-C9F2179835D2}.Debug|Any CPU.ActiveCfg = Debug|Any CPU
		{16D7D9BC-E7C7-42B3-B2BF-C9F2179835D2}.Debug|Any CPU.Build.0 = Debug|Any CPU
		{16D7D9BC-E7C7-42B3-B2BF-C9F2179835D2}.Release|Any CPU.ActiveCfg = Release|Any CPU
		{16D7D9BC-E7C7-42B3-B2BF-C9F2179835D2}.Release|Any CPU.Build.0 = Release|Any CPU
		{432BC1EF-70C5-4C36-B804-A398E0E8A94D}.Debug|Any CPU.ActiveCfg = Debug|Any CPU
		{432BC1EF-70C5-4C36-B804-A398E0E8A94D}.Debug|Any CPU.Build.0 = Debug|Any CPU
		{432BC1EF-70C5-4C36-B804-A398E0E8A94D}.Release|Any CPU.ActiveCfg = Release|Any CPU
		{432BC1EF-70C5-4C36-B804-A398E0E8A94D}.Release|Any CPU.Build.0 = Release|Any CPU
		{CF9708E3-79D6-4F3E-BF9A-1028365A6D63}.Debug|Any CPU.ActiveCfg = Debug|Any CPU
		{CF9708E3-79D6-4F3E-BF9A-1028365A6D63}.Debug|Any CPU.Build.0 = Debug|Any CPU
		{CF9708E3-79D6-4F3E-BF9A-1028365A6D63}.Release|Any CPU.ActiveCfg = Release|Any CPU
		{CF9708E3-79D6-4F3E-BF9A-1028365A6D63}.Release|Any CPU.Build.0 = Release|Any CPU
		{855E4782-253E-456B-B08F-E9DD23ADF04F}.Debug|Any CPU.ActiveCfg = Debug|Any CPU
		{855E4782-253E-456B-B08F-E9DD23ADF04F}.Debug|Any CPU.Build.0 = Debug|Any CPU
		{855E4782-253E-456B-B08F-E9DD23ADF04F}.Release|Any CPU.ActiveCfg = Release|Any CPU
		{855E4782-253E-456B-B08F-E9DD23ADF04F}.Release|Any CPU.Build.0 = Release|Any CPU
		{BDB42367-0FAD-4640-B228-6687AE78FF87}.Debug|Any CPU.ActiveCfg = Debug|Any CPU
		{BDB42367-0FAD-4640-B228-6687AE78FF87}.Debug|Any CPU.Build.0 = Debug|Any CPU
		{BDB42367-0FAD-4640-B228-6687AE78FF87}.Release|Any CPU.ActiveCfg = Release|Any CPU
		{BDB42367-0FAD-4640-B228-6687AE78FF87}.Release|Any CPU.Build.0 = Release|Any CPU
		{E6FE34FE-FEB0-40AF-9FB3-CAEC7BA37406}.Debug|Any CPU.ActiveCfg = Debug|Any CPU
		{E6FE34FE-FEB0-40AF-9FB3-CAEC7BA37406}.Debug|Any CPU.Build.0 = Debug|Any CPU
		{E6FE34FE-FEB0-40AF-9FB3-CAEC7BA37406}.Release|Any CPU.ActiveCfg = Release|Any CPU
		{E6FE34FE-FEB0-40AF-9FB3-CAEC7BA37406}.Release|Any CPU.Build.0 = Release|Any CPU
		{78DE6336-0DD8-4D28-8BF5-927ADD5FE05B}.Debug|Any CPU.ActiveCfg = Debug|Any CPU
		{78DE6336-0DD8-4D28-8BF5-927ADD5FE05B}.Debug|Any CPU.Build.0 = Debug|Any CPU
		{78DE6336-0DD8-4D28-8BF5-927ADD5FE05B}.Release|Any CPU.ActiveCfg = Release|Any CPU
		{78DE6336-0DD8-4D28-8BF5-927ADD5FE05B}.Release|Any CPU.Build.0 = Release|Any CPU
	EndGlobalSection
	GlobalSection(SolutionProperties) = preSolution
		HideSolutionNode = FALSE
	EndGlobalSection
	GlobalSection(ExtensibilityGlobals) = postSolution
		SolutionGuid = {47B46C50-E6D5-4EC2-8E9C-D033562C13E3}
	EndGlobalSection
EndGlobal
